Microsoft Visual Studio Solution File, Format Version 12.00
# Visual Studio Version 17
VisualStudioVersion = 17.5.2.0
MinimumVisualStudioVersion = 10.0.40219.1
Project("{FAE04EC0-301F-11D3-BF4B-00C04F79EFBC}") = "TaskManagementApi", "TaskManagementApi\TaskManagementApi.csproj", "{8AFDF02E-CF18-4459-D717-8AF5E39FEEB0}"
EndProject
Project("{FAE04EC0-301F-11D3-BF4B-00C04F79EFBC}") = "TaskManagementApiTests", "TaskManagementApiTests\TaskManagementApiTests.csproj", "{5D2C5802-64AD-4387-86C5-FFE0B2234D46}"
EndProject
Global
	GlobalSection(SolutionConfigurationPlatforms) = preSolution
		Debug|Any CPU = Debug|Any CPU
		Release|Any CPU = Release|Any CPU
	EndGlobalSection
	GlobalSection(ProjectConfigurationPlatforms) = postSolution
		{8AFDF02E-CF18-4459-D717-8AF5E39FEEB0}.Debug|Any CPU.ActiveCfg = Debug|Any CPU
		{8AFDF02E-CF18-4459-D717-8AF5E39FEEB0}.Debug|Any CPU.Build.0 = Debug|Any CPU
		{8AFDF02E-CF18-4459-D717-8AF5E39FEEB0}.Release|Any CPU.ActiveCfg = Release|Any CPU
		{8AFDF02E-CF18-4459-D717-8AF5E39FEEB0}.Release|Any CPU.Build.0 = Release|Any CPU
		{5D2C5802-64AD-4387-86C5-FFE0B2234D46}.Debug|Any CPU.ActiveCfg = Debug|Any CPU
		{5D2C5802-64AD-4387-86C5-FFE0B2234D46}.Debug|Any CPU.Build.0 = Debug|Any CPU
		{5D2C5802-64AD-4387-86C5-FFE0B2234D46}.Release|Any CPU.ActiveCfg = Release|Any CPU
		{5D2C5802-64AD-4387-86C5-FFE0B2234D46}.Release|Any CPU.Build.0 = Release|Any CPU
	EndGlobalSection
	GlobalSection(SolutionProperties) = preSolution
		HideSolutionNode = FALSE
	EndGlobalSection
	GlobalSection(ExtensibilityGlobals) = postSolution
		SolutionGuid = {0C9A2BF4-042F-4415-8C73-F2AAF102BC55}
	EndGlobalSection
EndGlobal
